
Microsoft Visual Studio Solution File, Format Version 12.00
# Visual Studio Version 17
VisualStudioVersion = 17.0.31903.59
MinimumVisualStudioVersion = 10.0.40219.1
Project("{FAE04EC0-301F-11D3-BF4B-00C04F79EFBC}") = "BancoSeguro.Web", "src\BancoSeguro.Web\BancoSeguro.Web.csproj", "{8E4E1236-C045-47E1-A39D-2A4D7A359A45}"
EndProject
Project("{FAE04EC0-301F-11D3-BF4B-00C04F79EFBC}") = "BancoSeguro.Web.Tests", "tests\BancoSeguro.Web.Tests\BancoSeguro.Web.Tests.csproj", "{9BF7280F-1884-42C2-92D0-66577262FD09}"
EndProject
Global
	GlobalSection(SolutionConfigurationPlatforms) = preSolution
		Debug|Any CPU = Debug|Any CPU
		Release|Any CPU = Release|Any CPU
	EndGlobalSection
	GlobalSection(ProjectConfigurationPlatforms) = postSolution
		{8E4E1236-C045-47E1-A39D-2A4D7A359A45}.Debug|Any CPU.ActiveCfg = Debug|Any CPU
		{8E4E1236-C045-47E1-A39D-2A4D7A359A45}.Debug|Any CPU.Build.0 = Debug|Any CPU
		{8E4E1236-C045-47E1-A39D-2A4D7A359A45}.Release|Any CPU.ActiveCfg = Release|Any CPU
		{8E4E1236-C045-47E1-A39D-2A4D7A359A45}.Release|Any CPU.Build.0 = Release|Any CPU
		{9BF7280F-1884-42C2-92D0-66577262FD09}.Debug|Any CPU.ActiveCfg = Debug|Any CPU
		{9BF7280F-1884-42C2-92D0-66577262FD09}.Debug|Any CPU.Build.0 = Debug|Any CPU
		{9BF7280F-1884-42C2-92D0-66577262FD09}.Release|Any CPU.ActiveCfg = Release|Any CPU
		{9BF7280F-1884-42C2-92D0-66577262FD09}.Release|Any CPU.Build.0 = Release|Any CPU
	EndGlobalSection
EndGlobal

